
Microsoft Visual Studio Solution File, Format Version 12.00
# Visual Studio 14
VisualStudioVersion = 14.0.23107.0
MinimumVisualStudioVersion = 10.0.40219.1
Project("{FAE04EC0-301F-11D3-BF4B-00C04F79EFBC}") = "colorconsole", "colorconsole\colorconsole.csproj", "{894FDCEC-01F4-4350-8FBF-9E4CC31B99DA}"
EndProject
Project("{2150E333-8FDC-42A3-9474-1A3956D46DE8}") = "Solution Items", "Solution Items", "{B95F2732-4753-416D-B9AE-1E68E31C0664}"
	ProjectSection(SolutionItems) = preProject
		README.md = README.md
	EndProjectSection
EndProject
Global
	GlobalSection(SolutionConfigurationPlatforms) = preSolution
		Debug|Any CPU = Debug|Any CPU
		Release|Any CPU = Release|Any CPU
	EndGlobalSection
	GlobalSection(ProjectConfigurationPlatforms) = postSolution
		{894FDCEC-01F4-4350-8FBF-9E4CC31B99DA}.Debug|Any CPU.ActiveCfg = Debug|Any CPU
		{894FDCEC-01F4-4350-8FBF-9E4CC31B99DA}.Debug|Any CPU.Build.0 = Debug|Any CPU
		{894FDCEC-01F4-4350-8FBF-9E4CC31B99DA}.Release|Any CPU.ActiveCfg = Release|Any CPU
		{894FDCEC-01F4-4350-8FBF-9E4CC31B99DA}.Release|Any CPU.Build.0 = Release|Any CPU
	EndGlobalSection
	GlobalSection(SolutionProperties) = preSolution
		HideSolutionNode = FALSE
	EndGlobalSection
EndGlobal
